
Microsoft Visual Studio Solution File, Format Version 12.00
# Visual Studio Version 17
VisualStudioVersion = 17.0.31903.59
MinimumVisualStudioVersion = 10.0.40219.1
Project("{FAE04EC0-301F-11D3-BF4B-00C04F79EFBC}") = "ClientApp", "ClientApp\ClientApp.csproj", "{53631316-6B94-4D61-A648-03E3D2527356}"
EndProject
Project("{FAE04EC0-301F-11D3-BF4B-00C04F79EFBC}") = "ServerApp", "ServerApp\ServerApp.csproj", "{986E94D2-0AF6-4A00-BB52-33E5EC62486B}"
EndProject
Global
	GlobalSection(SolutionConfigurationPlatforms) = preSolution
		Debug|Any CPU = Debug|Any CPU
		Release|Any CPU = Release|Any CPU
	EndGlobalSection
	GlobalSection(SolutionProperties) = preSolution
		HideSolutionNode = FALSE
	EndGlobalSection
	GlobalSection(ProjectConfigurationPlatforms) = postSolution
		{53631316-6B94-4D61-A648-03E3D2527356}.Debug|Any CPU.ActiveCfg = Debug|Any CPU
		{53631316-6B94-4D61-A648-03E3D2527356}.Debug|Any CPU.Build.0 = Debug|Any CPU
		{53631316-6B94-4D61-A648-03E3D2527356}.Release|Any CPU.ActiveCfg = Release|Any CPU
		{53631316-6B94-4D61-A648-03E3D2527356}.Release|Any CPU.Build.0 = Release|Any CPU
		{986E94D2-0AF6-4A00-BB52-33E5EC62486B}.Debug|Any CPU.ActiveCfg = Debug|Any CPU
		{986E94D2-0AF6-4A00-BB52-33E5EC62486B}.Debug|Any CPU.Build.0 = Debug|Any CPU
		{986E94D2-0AF6-4A00-BB52-33E5EC62486B}.Release|Any CPU.ActiveCfg = Release|Any CPU
		{986E94D2-0AF6-4A00-BB52-33E5EC62486B}.Release|Any CPU.Build.0 = Release|Any CPU
	EndGlobalSection
EndGlobal
